{
  "name": "demo",
  "lockfileVersion": 3,
  "requires": true,
  "packages": {
    "": {
      "dependencies": {
        "bootstrap-icons": "^1.13.1",
        "fonts": "^0.0.2"
      }
    },
    "node_modules/bootstrap-icons": {
      "version": "1.13.1",
      "resolved": "https://registry.npmjs.org/bootstrap-icons/-/bootstrap-icons-1.13.1.tgz",
      "integrity": "sha512-ijombt4v6bv5CLeXvRWKy7CuM3TRTuPEuGaGKvTV5cz65rQSY8RQ2JcHt6b90cBBAC7s8fsf2EkQDldzCoXUjw==",
      "funding": [
        {
          "type": "github",
          "url": "https://github.com/sponsors/twbs"
        },
        {
          "type": "opencollective",
          "url": "https://opencollective.com/bootstrap"
        }
      ]
    },
    "node_modules/fonts": {
      "version": "0.0.2",
      "resolved": "https://registry.npmjs.org/fonts/-/fonts-0.0.2.tgz",
      "integrity": "sha512-tKwxaeJZb6w0U1yNVDdjtuYaIUljA4qjRboSXvoybDFKFkX12tZ4wxRsi50X7s3MK80I8mka8uROPZeGQ2A8xg=="
    }
  }
}
